Microsoft Visual Studio Solution File, Format Version 12.00
# Visual Studio 16
Project("{8BC9CEB8-8B4A-11D0-8D11-00A0C91BC942}") = "ALL_BUILD", "ALL_BUILD.vcxproj", "{4F0C89FF-A72F-3253-86FC-5609E927587F}"
	ProjectSection(ProjectDependencies) = postProject
		{AA852C22-EDFC-314D-B756-3F2EA6626A9B} = {AA852C22-EDFC-314D-B756-3F2EA6626A9B}
		{4E2FFB9C-7BA2-3C47-89B4-820078DAB6FC} = {4E2FFB9C-7BA2-3C47-89B4-820078DAB6FC}
		{FB8EA0E6-B1C0-3E58-940C-A0FF9E6F6D54} = {FB8EA0E6-B1C0-3E58-940C-A0FF9E6F6D54}
	EndProjectSection
EndProject
Project("{8BC9CEB8-8B4A-11D0-8D11-00A0C91BC942}") = "ZERO_CHECK", "ZERO_CHECK.vcxproj", "{AA852C22-EDFC-314D-B756-3F2EA6626A9B}"
	ProjectSection(ProjectDependencies) = postProject
	EndProjectSection
EndProject
Project("{8BC9CEB8-8B4A-11D0-8D11-00A0C91BC942}") = "basic_test", "examples\basic_test\basic_test.vcxproj", "{4E2FFB9C-7BA2-3C47-89B4-820078DAB6FC}"
	ProjectSection(ProjectDependencies) = postProject
		{AA852C22-EDFC-314D-B756-3F2EA6626A9B} = {AA852C22-EDFC-314D-B756-3F2EA6626A9B}
		{FB8EA0E6-B1C0-3E58-940C-A0FF9E6F6D54} = {FB8EA0E6-B1C0-3E58-940C-A0FF9E6F6D54}
	EndProjectSection
EndProject
Project("{8BC9CEB8-8B4A-11D0-8D11-00A0C91BC942}") = "doxygen", "doxygen.vcxproj", "{45510BC8-0881-3BF8-A5A6-7B38E292203A}"
	ProjectSection(ProjectDependencies) = postProject
		{AA852C22-EDFC-314D-B756-3F2EA6626A9B} = {AA852C22-EDFC-314D-B756-3F2EA6626A9B}
	EndProjectSection
EndProject
Project("{8BC9CEB8-8B4A-11D0-8D11-00A0C91BC942}") = "vve", "src\vve.vcxproj", "{FB8EA0E6-B1C0-3E58-940C-A0FF9E6F6D54}"
	ProjectSection(ProjectDependencies) = postProject
		{AA852C22-EDFC-314D-B756-3F2EA6626A9B} = {AA852C22-EDFC-314D-B756-3F2EA6626A9B}
	EndProjectSection
EndProject
Global
	GlobalSection(SolutionConfigurationPlatforms) = preSolution
		Debug|x64 = Debug|x64
		Release|x64 = Release|x64
		MinSizeRel|x64 = MinSizeRel|x64
		RelWithDebInfo|x64 = RelWithDebInfo|x64
	EndGlobalSection
	GlobalSection(ProjectConfigurationPlatforms) = postSolution
		{4F0C89FF-A72F-3253-86FC-5609E927587F}.Debug|x64.ActiveCfg = Debug|x64
		{4F0C89FF-A72F-3253-86FC-5609E927587F}.Release|x64.ActiveCfg = Release|x64
		{4F0C89FF-A72F-3253-86FC-5609E927587F}.MinSizeRel|x64.ActiveCfg = MinSizeRel|x64
		{4F0C89FF-A72F-3253-86FC-5609E927587F}.RelWithDebInfo|x64.ActiveCfg = RelWithDebInfo|x64
		{AA852C22-EDFC-314D-B756-3F2EA6626A9B}.Debug|x64.ActiveCfg = Debug|x64
		{AA852C22-EDFC-314D-B756-3F2EA6626A9B}.Debug|x64.Build.0 = Debug|x64
		{AA852C22-EDFC-314D-B756-3F2EA6626A9B}.Release|x64.ActiveCfg = Release|x64
		{AA852C22-EDFC-314D-B756-3F2EA6626A9B}.Release|x64.Build.0 = Release|x64
		{AA852C22-EDFC-314D-B756-3F2EA6626A9B}.MinSizeRel|x64.ActiveCfg = MinSizeRel|x64
		{AA852C22-EDFC-314D-B756-3F2EA6626A9B}.MinSizeRel|x64.Build.0 = MinSizeRel|x64
		{AA852C22-EDFC-314D-B756-3F2EA6626A9B}.RelWithDebInfo|x64.ActiveCfg = RelWithDebInfo|x64
		{AA852C22-EDFC-314D-B756-3F2EA6626A9B}.RelWithDebInfo|x64.Build.0 = RelWithDebInfo|x64
		{4E2FFB9C-7BA2-3C47-89B4-820078DAB6FC}.Debug|x64.ActiveCfg = Debug|x64
		{4E2FFB9C-7BA2-3C47-89B4-820078DAB6FC}.Debug|x64.Build.0 = Debug|x64
		{4E2FFB9C-7BA2-3C47-89B4-820078DAB6FC}.Release|x64.ActiveCfg = Release|x64
		{4E2FFB9C-7BA2-3C47-89B4-820078DAB6FC}.Release|x64.Build.0 = Release|x64
		{4E2FFB9C-7BA2-3C47-89B4-820078DAB6FC}.MinSizeRel|x64.ActiveCfg = MinSizeRel|x64
		{4E2FFB9C-7BA2-3C47-89B4-820078DAB6FC}.MinSizeRel|x64.Build.0 = MinSizeRel|x64
		{4E2FFB9C-7BA2-3C47-89B4-820078DAB6FC}.RelWithDebInfo|x64.ActiveCfg = RelWithDebInfo|x64
		{4E2FFB9C-7BA2-3C47-89B4-820078DAB6FC}.RelWithDebInfo|x64.Build.0 = RelWithDebInfo|x64
		{45510BC8-0881-3BF8-A5A6-7B38E292203A}.Debug|x64.ActiveCfg = Debug|x64
		{45510BC8-0881-3BF8-A5A6-7B38E292203A}.Release|x64.ActiveCfg = Release|x64
		{45510BC8-0881-3BF8-A5A6-7B38E292203A}.MinSizeRel|x64.ActiveCfg = MinSizeRel|x64
		{45510BC8-0881-3BF8-A5A6-7B38E292203A}.RelWithDebInfo|x64.ActiveCfg = RelWithDebInfo|x64
		{FB8EA0E6-B1C0-3E58-940C-A0FF9E6F6D54}.Debug|x64.ActiveCfg = Debug|x64
		{FB8EA0E6-B1C0-3E58-940C-A0FF9E6F6D54}.Debug|x64.Build.0 = Debug|x64
		{FB8EA0E6-B1C0-3E58-940C-A0FF9E6F6D54}.Release|x64.ActiveCfg = Release|x64
		{FB8EA0E6-B1C0-3E58-940C-A0FF9E6F6D54}.Release|x64.Build.0 = Release|x64
		{FB8EA0E6-B1C0-3E58-940C-A0FF9E6F6D54}.MinSizeRel|x64.ActiveCfg = MinSizeRel|x64
		{FB8EA0E6-B1C0-3E58-940C-A0FF9E6F6D54}.MinSizeRel|x64.Build.0 = MinSizeRel|x64
		{FB8EA0E6-B1C0-3E58-940C-A0FF9E6F6D54}.RelWithDebInfo|x64.ActiveCfg = RelWithDebInfo|x64
		{FB8EA0E6-B1C0-3E58-940C-A0FF9E6F6D54}.RelWithDebInfo|x64.Build.0 = RelWithDebInfo|x64
	EndGlobalSection
	GlobalSection(ExtensibilityGlobals) = postSolution
		SolutionGuid = {E01E2C99-92EF-3718-82CC-C7058CF36264}
	EndGlobalSection
	GlobalSection(ExtensibilityAddIns) = postSolution
	EndGlobalSection
EndGlobal
