<?xml version="1.0" encoding="utf-8"?>
<Project ToolsVersion="16.0" xmlns="http://schemas.microsoft.com/developer/msbuild/2003">
  <ItemGroup>
    <CustomBuild Include="C:\Users\hlavacs\Documents\GitHub\ViennaVulkanEngine\CMakeFiles\a764fadc851a639c1c7b9c739dfe5427\generate.stamp.rule">
      <Filter>CMake Rules</Filter>
    </CustomBuild>
  </ItemGroup>
  <ItemGroup>
    <Filter Include="CMake Rules">
      <UniqueIdentifier>{394EC803-0258-34BC-A766-1FE2E5D61971}</UniqueIdentifier>
    </Filter>
  </ItemGroup>
</Project>
