<?xml version="1.0" encoding="utf-8"?>
<Project ToolsVersion="4.0" xmlns="http://schemas.microsoft.com/developer/msbuild/2003">
  <ItemGroup>
    <Filter Include="Quelldateien">
      <UniqueIdentifier>{4FC737F1-C7A5-4376-A066-2A32D752A2FF}</UniqueIdentifier>
      <Extensions>cpp;c;cc;cxx;def;odl;idl;hpj;bat;asm;asmx</Extensions>
    </Filter>
    <Filter Include="Headerdateien">
      <UniqueIdentifier>{93995380-89BD-4b04-88EB-625FBE52EBFB}</UniqueIdentifier>
      <Extensions>h;hh;hpp;hxx;hm;inl;inc;ipp;xsd</Extensions>
    </Filter>
  </ItemGroup>
  <ItemGroup>
    <ClCompile Include="VESysVulkan.cpp">
      <Filter>Quelldateien</Filter>
    </ClCompile>
    <ClCompile Include="VESysWindow.cpp">
      <Filter>Quelldateien</Filter>
    </ClCompile>
    <ClCompile Include="VESysScene.cpp">
      <Filter>Quelldateien</Filter>
    </ClCompile>
    <ClCompile Include="VESysEvents.cpp">
      <Filter>Quelldateien</Filter>
    </ClCompile>
    <ClCompile Include="VECollision.cpp">
      <Filter>Quelldateien</Filter>
    </ClCompile>
    <ClCompile Include="VESysPhysics.cpp">
      <Filter>Quelldateien</Filter>
    </ClCompile>
    <ClCompile Include="VESysWindowGLFW.cpp">
      <Filter>Quelldateien</Filter>
    </ClCompile>
    <ClCompile Include="VEFile.cpp">
      <Filter>Quelldateien</Filter>
    </ClCompile>
    <ClCompile Include="VESysAssets.cpp">
      <Filter>Quelldateien</Filter>
    </ClCompile>
    <ClCompile Include="VESysEngine.cpp">
      <Filter>Quelldateien</Filter>
    </ClCompile>
    <ClCompile Include="VETable.cpp">
      <Filter>Quelldateien</Filter>
    </ClCompile>
    <ClCompile Include="VEVector.cpp">
      <Filter>Quelldateien</Filter>
    </ClCompile>
    <ClCompile Include="VESysVulkanFWSimple.cpp">
      <Filter>Quelldateien</Filter>
    </ClCompile>
    <ClCompile Include="VHDevice.cpp">
      <Filter>Quelldateien</Filter>
    </ClCompile>
    <ClCompile Include="VHSwapchain.cpp">
      <Filter>Quelldateien</Filter>
    </ClCompile>
  </ItemGroup>
  <ItemGroup>
    <ClInclude Include="VEInclude.h">
      <Filter>Headerdateien</Filter>
    </ClInclude>
    <ClInclude Include="VESysVulkan.h">
      <Filter>Headerdateien</Filter>
    </ClInclude>
    <ClInclude Include="VESysWindow.h">
      <Filter>Headerdateien</Filter>
    </ClInclude>
    <ClInclude Include="VESysScene.h">
      <Filter>Headerdateien</Filter>
    </ClInclude>
    <ClInclude Include="VEDefines.h">
      <Filter>Headerdateien</Filter>
    </ClInclude>
    <ClInclude Include="VESysEvents.h">
      <Filter>Headerdateien</Filter>
    </ClInclude>
    <ClInclude Include="VECollision.h">
      <Filter>Headerdateien</Filter>
    </ClInclude>
    <ClInclude Include="VESysPhysics.h">
      <Filter>Headerdateien</Filter>
    </ClInclude>
    <ClInclude Include="VESysWindowGLFW.h">
      <Filter>Headerdateien</Filter>
    </ClInclude>
    <ClInclude Include="VEFile.h">
      <Filter>Headerdateien</Filter>
    </ClInclude>
    <ClInclude Include="VESysAssets.h">
      <Filter>Headerdateien</Filter>
    </ClInclude>
    <ClInclude Include="VESysEngine.h">
      <Filter>Headerdateien</Filter>
    </ClInclude>
    <ClInclude Include="VETable.h">
      <Filter>Headerdateien</Filter>
    </ClInclude>
    <ClInclude Include="VEVector.h">
      <Filter>Headerdateien</Filter>
    </ClInclude>
    <ClInclude Include="VEGameJobSystem.h">
      <Filter>Headerdateien</Filter>
    </ClInclude>
    <ClInclude Include="VESysVulkanFWSimple.h">
      <Filter>Headerdateien</Filter>
    </ClInclude>
    <ClInclude Include="VHDevice.h">
      <Filter>Headerdateien</Filter>
    </ClInclude>
    <ClInclude Include="vk_mem_alloc.h">
      <Filter>Headerdateien</Filter>
    </ClInclude>
    <ClInclude Include="stb_image.h">
      <Filter>Headerdateien</Filter>
    </ClInclude>
    <ClInclude Include="stb_image_write.h">
      <Filter>Headerdateien</Filter>
    </ClInclude>
    <ClInclude Include="VHInclude.h">
      <Filter>Headerdateien</Filter>
    </ClInclude>
    <ClInclude Include="VHSwapchain.h">
      <Filter>Headerdateien</Filter>
    </ClInclude>
  </ItemGroup>
</Project>