<?xml version="1.0" encoding="utf-8"?>
<Project ToolsVersion="4.0" xmlns="http://schemas.microsoft.com/developer/msbuild/2003">
  <ItemGroup>
    <Filter Include="Source Files">
      <UniqueIdentifier>{4FC737F1-C7A5-4376-A066-2A32D752A2FF}</UniqueIdentifier>
      <Extensions>cpp;c;cc;cxx;def;odl;idl;hpj;bat;asm;asmx</Extensions>
    </Filter>
    <Filter Include="Header Files">
      <UniqueIdentifier>{93995380-89BD-4b04-88EB-625FBE52EBFB}</UniqueIdentifier>
      <Extensions>h;hh;hpp;hxx;hm;inl;inc;xsd</Extensions>
    </Filter>
    <Filter Include="Resource Files">
      <UniqueIdentifier>{67DA6AB6-F800-4c08-8B7A-83BB121AAD01}</UniqueIdentifier>
      <Extensions>rc;ico;cur;bmp;dlg;rc2;rct;bin;rgs;gif;jpg;jpeg;jpe;resx;tiff;tif;png;wav;mfcribbon-ms</Extensions>
    </Filter>
  </ItemGroup>
  <ItemGroup>
    <ClInclude Include="VEEngine.h">
      <Filter>Header Files</Filter>
    </ClInclude>
    <ClInclude Include="VEWindow.h">
      <Filter>Header Files</Filter>
    </ClInclude>
    <ClInclude Include="VERenderer.h">
      <Filter>Header Files</Filter>
    </ClInclude>
    <ClInclude Include="VEEventListener.h">
      <Filter>Header Files</Filter>
    </ClInclude>
    <ClInclude Include="VEWindowGLFW.h">
      <Filter>Header Files</Filter>
    </ClInclude>
    <ClInclude Include="VERendererForward.h">
      <Filter>Header Files</Filter>
    </ClInclude>
    <ClInclude Include="VESceneManager.h">
      <Filter>Header Files</Filter>
    </ClInclude>
    <ClInclude Include="VHHelper.h">
      <Filter>Header Files</Filter>
    </ClInclude>
    <ClInclude Include="VEEntity.h">
      <Filter>Header Files</Filter>
    </ClInclude>
    <ClInclude Include="VEEventListenerGLFW.h">
      <Filter>Header Files</Filter>
    </ClInclude>
    <ClInclude Include="VEInclude.h">
      <Filter>Header Files</Filter>
    </ClInclude>
    <ClInclude Include="VESubrender.h">
      <Filter>Header Files</Filter>
    </ClInclude>
    <ClInclude Include="VENamedClass.h">
      <Filter>Header Files</Filter>
    </ClInclude>
    <ClInclude Include="VESubrenderFW_C1.h">
      <Filter>Header Files</Filter>
    </ClInclude>
    <ClInclude Include="VESubrenderFW_Cubemap.h">
      <Filter>Header Files</Filter>
    </ClInclude>
    <ClInclude Include="VESubrenderFW_D.h">
      <Filter>Header Files</Filter>
    </ClInclude>
    <ClInclude Include="VESubrenderFW_DN.h">
      <Filter>Header Files</Filter>
    </ClInclude>
    <ClInclude Include="VESubrenderFW_Shadow.h">
      <Filter>Header Files</Filter>
    </ClInclude>
    <ClInclude Include="VESubrenderFW_Cubemap2.h">
      <Filter>Header Files</Filter>
    </ClInclude>
    <ClInclude Include="VESubrenderFW_Skyplane.h">
      <Filter>Header Files</Filter>
    </ClInclude>
    <ClInclude Include="vk_mem_alloc.h">
      <Filter>Header Files</Filter>
    </ClInclude>
    <ClInclude Include="VEMaterial.h">
      <Filter>Header Files</Filter>
    </ClInclude>
    <ClInclude Include="VESubrenderFW_Nuklear.h">
      <Filter>Header Files</Filter>
    </ClInclude>
  </ItemGroup>
  <ItemGroup>
    <ClCompile Include="VEEngine.cpp">
      <Filter>Source Files</Filter>
    </ClCompile>
    <ClCompile Include="VEWindow.cpp">
      <Filter>Source Files</Filter>
    </ClCompile>
    <ClCompile Include="main.cpp">
      <Filter>Source Files</Filter>
    </ClCompile>
    <ClCompile Include="VERenderer.cpp">
      <Filter>Source Files</Filter>
    </ClCompile>
    <ClCompile Include="VEEventListener.cpp">
      <Filter>Source Files</Filter>
    </ClCompile>
    <ClCompile Include="VEWindowGLFW.cpp">
      <Filter>Source Files</Filter>
    </ClCompile>
    <ClCompile Include="VHDevice.cpp">
      <Filter>Source Files</Filter>
    </ClCompile>
    <ClCompile Include="VERendererForward.cpp">
      <Filter>Source Files</Filter>
    </ClCompile>
    <ClCompile Include="VESceneManager.cpp">
      <Filter>Source Files</Filter>
    </ClCompile>
    <ClCompile Include="VHSwapchain.cpp">
      <Filter>Source Files</Filter>
    </ClCompile>
    <ClCompile Include="VHBuffer.cpp">
      <Filter>Source Files</Filter>
    </ClCompile>
    <ClCompile Include="VHRender.cpp">
      <Filter>Source Files</Filter>
    </ClCompile>
    <ClCompile Include="VHFile.cpp">
      <Filter>Source Files</Filter>
    </ClCompile>
    <ClCompile Include="VHCommand.cpp">
      <Filter>Source Files</Filter>
    </ClCompile>
    <ClCompile Include="VHMemory.cpp">
      <Filter>Source Files</Filter>
    </ClCompile>
    <ClCompile Include="VEEventListenerGLFW.cpp">
      <Filter>Source Files</Filter>
    </ClCompile>
    <ClCompile Include="VHDebug.cpp">
      <Filter>Source Files</Filter>
    </ClCompile>
    <ClCompile Include="VEEntity.cpp">
      <Filter>Source Files</Filter>
    </ClCompile>
    <ClCompile Include="VESubrender.cpp">
      <Filter>Source Files</Filter>
    </ClCompile>
    <ClCompile Include="VENamedClass.cpp">
      <Filter>Source Files</Filter>
    </ClCompile>
    <ClCompile Include="VESubrenderFW_C1.cpp">
      <Filter>Source Files</Filter>
    </ClCompile>
    <ClCompile Include="VESubrenderFW_Cubemap.cpp">
      <Filter>Source Files</Filter>
    </ClCompile>
    <ClCompile Include="VESubrenderFW_D.cpp">
      <Filter>Source Files</Filter>
    </ClCompile>
    <ClCompile Include="VESubrenderFW_DN.cpp">
      <Filter>Source Files</Filter>
    </ClCompile>
    <ClCompile Include="VESubrenderFW_Shadow.cpp">
      <Filter>Source Files</Filter>
    </ClCompile>
    <ClCompile Include="VESubrenderFW_Cubemap2.cpp">
      <Filter>Source Files</Filter>
    </ClCompile>
    <ClCompile Include="VESubrenderFW_Skyplane.cpp">
      <Filter>Source Files</Filter>
    </ClCompile>
    <ClCompile Include="VEMaterial.cpp">
      <Filter>Source Files</Filter>
    </ClCompile>
    <ClCompile Include="VESubrenderFW_Nuklear.cpp">
      <Filter>Source Files</Filter>
    </ClCompile>
  </ItemGroup>
</Project>