<?xml version="1.0" encoding="utf-8"?>
<Project ToolsVersion="16.0" xmlns="http://schemas.microsoft.com/developer/msbuild/2003">
  <ItemGroup>
    <ClCompile Include="C:\Users\hlavacs\Documents\GitHub\ViennaVulkanEngine\examples\basic_test\basic_test.cpp">
      <Filter>Source Files</Filter>
    </ClCompile>
  </ItemGroup>
  <ItemGroup>
    <CustomBuild Include="C:\Users\hlavacs\Documents\GitHub\ViennaVulkanEngine\examples\basic_test\CMakeLists.txt" />
  </ItemGroup>
  <ItemGroup>
    <Filter Include="Source Files">
      <UniqueIdentifier>{D6B2C9A4-E9AC-357B-A112-C340EEC5AA32}</UniqueIdentifier>
    </Filter>
  </ItemGroup>
</Project>
